
Microsoft Visual Studio Solution File, Format Version 12.00
# Visual Studio Version 16
VisualStudioVersion = 16.0.29613.14
MinimumVisualStudioVersion = 10.0.40219.1
Project("{FAE04EC0-301F-11D3-BF4B-00C04F79EFBC}") = "BuildTree", "BuildTree.cs\BuildTree.csproj", "{FC1C17EC-A981-4CB6-8F29-051746D44217}"
EndProject
Global
	GlobalSection(SolutionConfigurationPlatforms) = preSolution
		Debug|Any CPU = Debug|Any CPU
		Release|Any CPU = Release|Any CPU
	EndGlobalSection
	GlobalSection(ProjectConfigurationPlatforms) = postSolution
		{FC1C17EC-A981-4CB6-8F29-051746D44217}.Debug|Any CPU.ActiveCfg = Debug|Any CPU
		{FC1C17EC-A981-4CB6-8F29-051746D44217}.Debug|Any CPU.Build.0 = Debug|Any CPU
		{FC1C17EC-A981-4CB6-8F29-051746D44217}.Release|Any CPU.ActiveCfg = Release|Any CPU
		{FC1C17EC-A981-4CB6-8F29-051746D44217}.Release|Any CPU.Build.0 = Release|Any CPU
	EndGlobalSection
	GlobalSection(SolutionProperties) = preSolution
		HideSolutionNode = FALSE
	EndGlobalSection
	GlobalSection(ExtensibilityGlobals) = postSolution
		SolutionGuid = {6E708128-7A7B-4042-9B8A-5AC6687D4257}
	EndGlobalSection
EndGlobal
